
Microsoft Visual Studio Solution File, Format Version 12.00
# Visual Studio Version 17
VisualStudioVersion = 17.4.33213.308
MinimumVisualStudioVersion = 10.0.40219.1
Project("{9A19103F-16F7-4668-BE54-9A1E7A4F7556}") = "RAZOR_LibraryManagement.Web", "RAZOR_LibraryManagement.Web\RAZOR_LibraryManagement.Web.csproj", "{70F6A7C3-1368-4188-AFFD-E8B9E7578EBD}"
	ProjectSection(ProjectDependencies) = postProject
		{09364C77-4941-49DD-AE14-011A835A9333} = {09364C77-4941-49DD-AE14-011A835A9333}
		{603310ED-C560-435D-961B-84D15BB1599A} = {603310ED-C560-435D-961B-84D15BB1599A}
		{8034B556-5AE4-4A3F-BCF6-E44285ABF20B} = {8034B556-5AE4-4A3F-BCF6-E44285ABF20B}
	EndProjectSection
EndProject
Project("{9A19103F-16F7-4668-BE54-9A1E7A4F7556}") = "RAZOR_LibraryManagement.Domain", "RAZOR_LibraryManagement.Domain\RAZOR_LibraryManagement.Domain.csproj", "{603310ED-C560-435D-961B-84D15BB1599A}"
	ProjectSection(ProjectDependencies) = postProject
		{09364C77-4941-49DD-AE14-011A835A9333} = {09364C77-4941-49DD-AE14-011A835A9333}
	EndProjectSection
EndProject
Project("{9A19103F-16F7-4668-BE54-9A1E7A4F7556}") = "RAZOR_LibraryManagement.Infra", "RAZOR_LibraryManagement.Infra\RAZOR_LibraryManagement.Infra.csproj", "{8034B556-5AE4-4A3F-BCF6-E44285ABF20B}"
	ProjectSection(ProjectDependencies) = postProject
		{09364C77-4941-49DD-AE14-011A835A9333} = {09364C77-4941-49DD-AE14-011A835A9333}
		{603310ED-C560-435D-961B-84D15BB1599A} = {603310ED-C560-435D-961B-84D15BB1599A}
	EndProjectSection
EndProject
Project("{9A19103F-16F7-4668-BE54-9A1E7A4F7556}") = "RAZOR_LibraryManagement.Lang", "RAZOR_LibraryManagement.Lang\RAZOR_LibraryManagement.Lang.csproj", "{09364C77-4941-49DD-AE14-011A835A9333}"
EndProject
Project("{FAE04EC0-301F-11D3-BF4B-00C04F79EFBC}") = "RAZOR_LibraryManagement.Models", "RAZOR_LibraryManagement.Models\RAZOR_LibraryManagement.Models.csproj", "{C09380AE-01B0-4B21-8BAD-B70D0103D907}"
EndProject
Global
	GlobalSection(SolutionConfigurationPlatforms) = preSolution
		Debug|Any CPU = Debug|Any CPU
		Release|Any CPU = Release|Any CPU
	EndGlobalSection
	GlobalSection(ProjectConfigurationPlatforms) = postSolution
		{70F6A7C3-1368-4188-AFFD-E8B9E7578EBD}.Debug|Any CPU.ActiveCfg = Debug|Any CPU
		{70F6A7C3-1368-4188-AFFD-E8B9E7578EBD}.Debug|Any CPU.Build.0 = Debug|Any CPU
		{70F6A7C3-1368-4188-AFFD-E8B9E7578EBD}.Release|Any CPU.ActiveCfg = Release|Any CPU
		{70F6A7C3-1368-4188-AFFD-E8B9E7578EBD}.Release|Any CPU.Build.0 = Release|Any CPU
		{603310ED-C560-435D-961B-84D15BB1599A}.Debug|Any CPU.ActiveCfg = Debug|Any CPU
		{603310ED-C560-435D-961B-84D15BB1599A}.Debug|Any CPU.Build.0 = Debug|Any CPU
		{603310ED-C560-435D-961B-84D15BB1599A}.Release|Any CPU.ActiveCfg = Release|Any CPU
		{603310ED-C560-435D-961B-84D15BB1599A}.Release|Any CPU.Build.0 = Release|Any CPU
		{8034B556-5AE4-4A3F-BCF6-E44285ABF20B}.Debug|Any CPU.ActiveCfg = Debug|Any CPU
		{8034B556-5AE4-4A3F-BCF6-E44285ABF20B}.Debug|Any CPU.Build.0 = Debug|Any CPU
		{8034B556-5AE4-4A3F-BCF6-E44285ABF20B}.Release|Any CPU.ActiveCfg = Release|Any CPU
		{8034B556-5AE4-4A3F-BCF6-E44285ABF20B}.Release|Any CPU.Build.0 = Release|Any CPU
		{09364C77-4941-49DD-AE14-011A835A9333}.Debug|Any CPU.ActiveCfg = Debug|Any CPU
		{09364C77-4941-49DD-AE14-011A835A9333}.Debug|Any CPU.Build.0 = Debug|Any CPU
		{09364C77-4941-49DD-AE14-011A835A9333}.Release|Any CPU.ActiveCfg = Release|Any CPU
		{09364C77-4941-49DD-AE14-011A835A9333}.Release|Any CPU.Build.0 = Release|Any CPU
		{C09380AE-01B0-4B21-8BAD-B70D0103D907}.Debug|Any CPU.ActiveCfg = Debug|Any CPU
		{C09380AE-01B0-4B21-8BAD-B70D0103D907}.Debug|Any CPU.Build.0 = Debug|Any CPU
		{C09380AE-01B0-4B21-8BAD-B70D0103D907}.Release|Any CPU.ActiveCfg = Release|Any CPU
		{C09380AE-01B0-4B21-8BAD-B70D0103D907}.Release|Any CPU.Build.0 = Release|Any CPU
	EndGlobalSection
	GlobalSection(SolutionProperties) = preSolution
		HideSolutionNode = FALSE
	EndGlobalSection
	GlobalSection(ExtensibilityGlobals) = postSolution
		SolutionGuid = {0846DE64-A912-462A-BE2A-E2AE434E508C}
	EndGlobalSection
EndGlobal
